
Microsoft Visual Studio Solution File, Format Version 12.00
Project("{FAE04EC0-301F-11D3-BF4B-00C04F79EFBC}") = "Domain", "Domain\Domain.csproj", "{D47E87EA-E7D4-46D1-8AFB-87F69A55BA53}"
EndProject
Project("{FAE04EC0-301F-11D3-BF4B-00C04F79EFBC}") = "DomainTests", "..\tests\DomainTests\DomainTests.csproj", "{1F20DCE8-ACA8-4D8A-93A8-9CA02A9862A1}"
EndProject
Project("{2150E333-8FDC-42A3-9474-1A3956D46DE8}") = "tests", "tests", "{BC15D04E-AD78-44A5-8CD8-DB16F96EDABF}"
EndProject
Project("{FAE04EC0-301F-11D3-BF4B-00C04F79EFBC}") = "Application", "Application\Application.csproj", "{634B63C9-1B96-43B8-96AA-FAA0E6F0FEE2}"
EndProject
Global
	GlobalSection(SolutionConfigurationPlatforms) = preSolution
		Debug|Any CPU = Debug|Any CPU
		Release|Any CPU = Release|Any CPU
	EndGlobalSection
	GlobalSection(ProjectConfigurationPlatforms) = postSolution
		{D47E87EA-E7D4-46D1-8AFB-87F69A55BA53}.Debug|Any CPU.ActiveCfg = Debug|Any CPU
		{D47E87EA-E7D4-46D1-8AFB-87F69A55BA53}.Debug|Any CPU.Build.0 = Debug|Any CPU
		{D47E87EA-E7D4-46D1-8AFB-87F69A55BA53}.Release|Any CPU.ActiveCfg = Release|Any CPU
		{D47E87EA-E7D4-46D1-8AFB-87F69A55BA53}.Release|Any CPU.Build.0 = Release|Any CPU
		{1F20DCE8-ACA8-4D8A-93A8-9CA02A9862A1}.Debug|Any CPU.ActiveCfg = Debug|Any CPU
		{1F20DCE8-ACA8-4D8A-93A8-9CA02A9862A1}.Debug|Any CPU.Build.0 = Debug|Any CPU
		{1F20DCE8-ACA8-4D8A-93A8-9CA02A9862A1}.Release|Any CPU.ActiveCfg = Release|Any CPU
		{1F20DCE8-ACA8-4D8A-93A8-9CA02A9862A1}.Release|Any CPU.Build.0 = Release|Any CPU
		{634B63C9-1B96-43B8-96AA-FAA0E6F0FEE2}.Debug|Any CPU.ActiveCfg = Debug|Any CPU
		{634B63C9-1B96-43B8-96AA-FAA0E6F0FEE2}.Debug|Any CPU.Build.0 = Debug|Any CPU
		{634B63C9-1B96-43B8-96AA-FAA0E6F0FEE2}.Release|Any CPU.ActiveCfg = Release|Any CPU
		{634B63C9-1B96-43B8-96AA-FAA0E6F0FEE2}.Release|Any CPU.Build.0 = Release|Any CPU
	EndGlobalSection
	GlobalSection(NestedProjects) = preSolution
		{1F20DCE8-ACA8-4D8A-93A8-9CA02A9862A1} = {BC15D04E-AD78-44A5-8CD8-DB16F96EDABF}
	EndGlobalSection
EndGlobal
